<?xml version="1.0" encoding="utf-8"?>
<Project ToolsVersion="4.0" xmlns="http://schemas.microsoft.com/developer/msbuild/2003">
  <ItemGroup>
    <ClCompile Include="Appmain.cpp" />
    <ClCompile Include="PreCompile.cpp">
      <Filter>Precom</Filter>
    </ClCompile>
    <ClCompile Include="UserGame.cpp">
      <Filter>UserCore</Filter>
    </ClCompile>
    <ClCompile Include="UserGame_Resources.cpp">
      <Filter>UserCore</Filter>
    </ClCompile>
    <ClCompile Include="UserGame_Resources_Shader.cpp">
      <Filter>UserCore\Resources</Filter>
    </ClCompile>
    <ClCompile Include="TitleLevel.cpp">
      <Filter>Level</Filter>
    </ClCompile>
    <ClCompile Include="PlayLevel.cpp">
      <Filter>Level</Filter>
    </ClCompile>
    <ClCompile Include="TitleFreddy.cpp">
      <Filter>Actor\01Title</Filter>
    </ClCompile>
    <ClCompile Include="GameOverLevel.cpp">
      <Filter>Level</Filter>
    </ClCompile>
    <ClCompile Include="GameOverBackground.cpp">
      <Filter>Actor\03GameOver</Filter>
    </ClCompile>
    <ClCompile Include="Bullet.cpp">
      <Filter>Actor\99ETC</Filter>
    </ClCompile>
    <ClCompile Include="Monster.cpp">
      <Filter>Actor\99ETC</Filter>
    </ClCompile>
    <ClCompile Include="Player.cpp">
      <Filter>Actor\99ETC</Filter>
    </ClCompile>
    <ClCompile Include="TopUI.cpp">
      <Filter>Actor\99ETC</Filter>
    </ClCompile>
    <ClCompile Include="CustomSettingBackground.cpp">
      <Filter>Actor\04CustomSetting</Filter>
    </ClCompile>
    <ClCompile Include="TitleText.cpp">
      <Filter>Actor\01Title</Filter>
    </ClCompile>
    <ClCompile Include="OfficeTest.cpp">
      <Filter>Actor\02Play\Office</Filter>
    </ClCompile>
    <ClCompile Include="GameController.cpp">
      <Filter>Actor\02Play\Meta\Controller&amp;AI</Filter>
    </ClCompile>
    <ClCompile Include="AIBase.cpp">
      <Filter>Actor\02Play\Meta\Controller&amp;AI</Filter>
    </ClCompile>
    <ClCompile Include="AIBonnie.cpp">
      <Filter>Actor\02Play\Meta\Controller&amp;AI</Filter>
    </ClCompile>
    <ClCompile Include="CCTVScreen.cpp">
      <Filter>Actor\02Play\CCTV</Filter>
    </ClCompile>
    <ClCompile Include="IntermissionLevel.cpp">
      <Filter>Level</Filter>
    </ClCompile>
    <ClCompile Include="IntermissionScreen.cpp">
      <Filter>Actor\05Intermission</Filter>
    </ClCompile>
  </ItemGroup>
  <ItemGroup>
    <Filter Include="Precom">
      <UniqueIdentifier>{965a2dc5-8951-4b61-8488-20c2b0799b8e}</UniqueIdentifier>
    </Filter>
    <Filter Include="UserCore">
      <UniqueIdentifier>{8af74d41-1bb7-4ef4-adce-ffe54d703091}</UniqueIdentifier>
    </Filter>
    <Filter Include="CustomVertex">
      <UniqueIdentifier>{e9dc78c2-f5d0-4ed3-aad2-20bf3e15292d}</UniqueIdentifier>
    </Filter>
    <Filter Include="UserCore\Resources">
      <UniqueIdentifier>{7df6d580-3520-411c-8d9d-b9b8a9810f4e}</UniqueIdentifier>
    </Filter>
    <Filter Include="Level">
      <UniqueIdentifier>{a3e60c4e-382f-4085-b0e5-2ac831b3e588}</UniqueIdentifier>
    </Filter>
    <Filter Include="Actor">
      <UniqueIdentifier>{d3325697-5509-4332-93c3-38be93d3adf9}</UniqueIdentifier>
    </Filter>
    <Filter Include="Actor\03GameOver">
      <UniqueIdentifier>{b20e0a4b-2af9-4012-b089-7bbc06e516ca}</UniqueIdentifier>
    </Filter>
    <Filter Include="Actor\99ETC">
      <UniqueIdentifier>{f384b8e1-55d9-4aa7-86af-ff25971718c4}</UniqueIdentifier>
    </Filter>
    <Filter Include="Actor\01Title">
      <UniqueIdentifier>{40c1c7d2-88e7-41c3-8063-ab4af30e8bd5}</UniqueIdentifier>
    </Filter>
    <Filter Include="Actor\02Play">
      <UniqueIdentifier>{61a0fd05-fc84-4ef5-86e9-7b0aa6d9fe0e}</UniqueIdentifier>
    </Filter>
    <Filter Include="Actor\02Play\Office">
      <UniqueIdentifier>{c052c6a5-beac-4d8e-8d08-44f8feb47c79}</UniqueIdentifier>
    </Filter>
    <Filter Include="Actor\02Play\CCTV">
      <UniqueIdentifier>{34fc96a2-8ff4-4df5-8499-b9e557211075}</UniqueIdentifier>
    </Filter>
    <Filter Include="Actor\00Global">
      <UniqueIdentifier>{7871e120-34d1-41ef-af33-12e1fd441cc0}</UniqueIdentifier>
    </Filter>
    <Filter Include="Actor\04CustomSetting">
      <UniqueIdentifier>{2d24d8bd-7045-45d9-a332-e1051d634466}</UniqueIdentifier>
    </Filter>
    <Filter Include="ENUM">
      <UniqueIdentifier>{cd331d37-7c5a-4349-8709-af9685dd4e82}</UniqueIdentifier>
    </Filter>
    <Filter Include="Actor\02Play\Meta">
      <UniqueIdentifier>{ea547c83-0775-41dd-b6a0-bb092dbe3ea0}</UniqueIdentifier>
    </Filter>
    <Filter Include="Actor\02Play\Meta\UI">
      <UniqueIdentifier>{e4af505e-858b-4f6a-8645-2ae759700fc6}</UniqueIdentifier>
    </Filter>
    <Filter Include="Actor\02Play\Meta\Controller&amp;AI">
      <UniqueIdentifier>{a8e07e0c-44e0-412e-88ec-9c5955006c18}</UniqueIdentifier>
    </Filter>
    <Filter Include="Actor\05Intermission">
      <UniqueIdentifier>{3657bf75-2740-4a2f-be5e-8491a7f12b20}</UniqueIdentifier>
    </Filter>
  </ItemGroup>
  <ItemGroup>
    <ClInclude Include="PreCompile.h">
      <Filter>Precom</Filter>
    </ClInclude>
    <ClInclude Include="UserGame.h">
      <Filter>UserCore</Filter>
    </ClInclude>
    <ClInclude Include="UserGame_Resources_Shader.h">
      <Filter>UserCore\Resources</Filter>
    </ClInclude>
    <ClInclude Include="TitleLevel.h">
      <Filter>Level</Filter>
    </ClInclude>
    <ClInclude Include="PlayLevel.h">
      <Filter>Level</Filter>
    </ClInclude>
    <ClInclude Include="CustomVertex.h">
      <Filter>CustomVertex</Filter>
    </ClInclude>
    <ClInclude Include="TitleFreddy.h">
      <Filter>Actor\01Title</Filter>
    </ClInclude>
    <ClInclude Include="GameOverLevel.h">
      <Filter>Level</Filter>
    </ClInclude>
    <ClInclude Include="GameOverBackground.h">
      <Filter>Actor\03GameOver</Filter>
    </ClInclude>
    <ClInclude Include="Bullet.h">
      <Filter>Actor\99ETC</Filter>
    </ClInclude>
    <ClInclude Include="Monster.h">
      <Filter>Actor\99ETC</Filter>
    </ClInclude>
    <ClInclude Include="Player.h">
      <Filter>Actor\99ETC</Filter>
    </ClInclude>
    <ClInclude Include="TopUI.h">
      <Filter>Actor\99ETC</Filter>
    </ClInclude>
    <ClInclude Include="CustomSettingBackground.h">
      <Filter>Actor\04CustomSetting</Filter>
    </ClInclude>
    <ClInclude Include="TitleText.h">
      <Filter>Actor\01Title</Filter>
    </ClInclude>
    <ClInclude Include="OfficeTest.h">
      <Filter>Actor\02Play\Office</Filter>
    </ClInclude>
    <ClInclude Include="GameController.h">
      <Filter>Actor\02Play\Meta\Controller&amp;AI</Filter>
    </ClInclude>
    <ClInclude Include="ENUM.h">
      <Filter>ENUM</Filter>
    </ClInclude>
    <ClInclude Include="AIBase.h">
      <Filter>Actor\02Play\Meta\Controller&amp;AI</Filter>
    </ClInclude>
    <ClInclude Include="AIBonnie.h">
      <Filter>Actor\02Play\Meta\Controller&amp;AI</Filter>
    </ClInclude>
    <ClInclude Include="CCTVScreen.h">
      <Filter>Actor\02Play\CCTV</Filter>
    </ClInclude>
    <ClInclude Include="IntermissionLevel.h">
      <Filter>Level</Filter>
    </ClInclude>
    <ClInclude Include="IntermissionScreen.h">
      <Filter>Actor\05Intermission</Filter>
    </ClInclude>
  </ItemGroup>
</Project>