<?xml version="1.0" encoding="utf-8"?>
<Project ToolsVersion="4.0" xmlns="http://schemas.microsoft.com/developer/msbuild/2003">
  <ItemGroup>
    <Filter Include="Precom">
      <UniqueIdentifier>{db0d0568-13e1-4926-8a99-93e60c7ba499}</UniqueIdentifier>
    </Filter>
    <Filter Include="Object">
      <UniqueIdentifier>{0ea75941-b07b-4988-a9f5-a68fb2846b3a}</UniqueIdentifier>
    </Filter>
    <Filter Include="IO">
      <UniqueIdentifier>{1439fb23-5898-419a-902d-aad30fdd5d3d}</UniqueIdentifier>
    </Filter>
    <Filter Include="Time">
      <UniqueIdentifier>{8bc61cc2-5f7c-437d-8e4b-dc5eac256aae}</UniqueIdentifier>
    </Filter>
    <Filter Include="Debug">
      <UniqueIdentifier>{e8abe0fc-e5b1-40f0-a7fd-47d938d79477}</UniqueIdentifier>
    </Filter>
    <Filter Include="Math">
      <UniqueIdentifier>{e622b9ee-073c-41d5-bcfd-1de0cbb070d1}</UniqueIdentifier>
    </Filter>
    <Filter Include="Media">
      <UniqueIdentifier>{434d12ac-190f-48f5-ac47-682334fa4503}</UniqueIdentifier>
    </Filter>
    <Filter Include="Lib">
      <UniqueIdentifier>{22d762fd-36f9-4126-9b89-99a4796b4e6d}</UniqueIdentifier>
    </Filter>
    <Filter Include="Lib\FMOD">
      <UniqueIdentifier>{ef6f7e04-6060-424f-b8b3-00cc8b814e99}</UniqueIdentifier>
    </Filter>
    <Filter Include="Lib\FMOD\Debug">
      <UniqueIdentifier>{2756d093-7b55-4fd6-9773-3dffac98eb63}</UniqueIdentifier>
    </Filter>
    <Filter Include="Lib\FMOD\Release">
      <UniqueIdentifier>{44f4456b-4392-4689-9c68-135023a78c6c}</UniqueIdentifier>
    </Filter>
  </ItemGroup>
  <ItemGroup>
    <ClCompile Include="PreCompile.cpp">
      <Filter>Precom</Filter>
    </ClCompile>
    <ClCompile Include="GameEngineObjectBase.cpp">
      <Filter>Object</Filter>
    </ClCompile>
    <ClCompile Include="GameEngineObjectNameBase.cpp">
      <Filter>Object</Filter>
    </ClCompile>
    <ClCompile Include="GameEngineDirectory.cpp">
      <Filter>IO</Filter>
    </ClCompile>
    <ClCompile Include="GameEnginePath.cpp">
      <Filter>IO</Filter>
    </ClCompile>
    <ClCompile Include="GameEngineFile.cpp">
      <Filter>IO</Filter>
    </ClCompile>
    <ClCompile Include="GameEngineTime.cpp">
      <Filter>Time</Filter>
    </ClCompile>
    <ClCompile Include="GameEngineDebug.cpp">
      <Filter>Debug</Filter>
    </ClCompile>
    <ClCompile Include="GameEngineSound.cpp">
      <Filter>Media</Filter>
    </ClCompile>
    <ClCompile Include="GameEngineSoundFile.cpp">
      <Filter>Media</Filter>
    </ClCompile>
    <ClCompile Include="GameEngineSoundPlayer.cpp">
      <Filter>Media</Filter>
    </ClCompile>
  </ItemGroup>
  <ItemGroup>
    <ClInclude Include="PreCompile.h">
      <Filter>Precom</Filter>
    </ClInclude>
    <ClInclude Include="GameEngineObjectBase.h">
      <Filter>Object</Filter>
    </ClInclude>
    <ClInclude Include="GameEngineObjectNameBase.h">
      <Filter>Object</Filter>
    </ClInclude>
    <ClInclude Include="GameEngineDirectory.h">
      <Filter>IO</Filter>
    </ClInclude>
    <ClInclude Include="GameEnginePath.h">
      <Filter>IO</Filter>
    </ClInclude>
    <ClInclude Include="GameEngineFile.h">
      <Filter>IO</Filter>
    </ClInclude>
    <ClInclude Include="GameEngineTime.h">
      <Filter>Time</Filter>
    </ClInclude>
    <ClInclude Include="GameEngineDebug.h">
      <Filter>Debug</Filter>
    </ClInclude>
    <ClInclude Include="GameEngineSound.h">
      <Filter>Media</Filter>
    </ClInclude>
    <ClInclude Include="GameEngineSoundFile.h">
      <Filter>Media</Filter>
    </ClInclude>
    <ClInclude Include="GameEngineSoundPlayer.h">
      <Filter>Media</Filter>
    </ClInclude>
  </ItemGroup>
  <ItemGroup>
    <CopyFileToFolders Include="..\ThirdParty\x64\Release\FMOD\fmodL.dll">
      <Filter>Lib\FMOD\Debug</Filter>
    </CopyFileToFolders>
    <CopyFileToFolders Include="..\ThirdParty\x64\Release\FMOD\fmodL_vc.lib">
      <Filter>Lib\FMOD\Debug</Filter>
    </CopyFileToFolders>
    <CopyFileToFolders Include="..\ThirdParty\x64\Release\FMOD\fmod.dll">
      <Filter>Lib\FMOD\Release</Filter>
    </CopyFileToFolders>
    <CopyFileToFolders Include="..\ThirdParty\x64\Release\FMOD\fmod_vc.lib">
      <Filter>Lib\FMOD\Release</Filter>
    </CopyFileToFolders>
  </ItemGroup>
</Project>